
Microsoft Visual Studio Solution File, Format Version 12.00
# Visual Studio Version 17
VisualStudioVersion = 17.14.36603.0 d17.14
MinimumVisualStudioVersion = 10.0.40219.1
Project("{FAE04EC0-301F-11D3-BF4B-00C04F79EFBC}") = "Adna_4Soul", "Adna_4Soul\Adna_4Soul.csproj", "{72F267AD-27A9-41B1-9E02-A25CF21E6F66}"
EndProject
Global
	GlobalSection(SolutionConfigurationPlatforms) = preSolution
		Debug|Any CPU = Debug|Any CPU
		Release|Any CPU = Release|Any CPU
	EndGlobalSection
	GlobalSection(ProjectConfigurationPlatforms) = postSolution
		{72F267AD-27A9-41B1-9E02-A25CF21E6F66}.Debug|Any CPU.ActiveCfg = Debug|Any CPU
		{72F267AD-27A9-41B1-9E02-A25CF21E6F66}.Debug|Any CPU.Build.0 = Debug|Any CPU
		{72F267AD-27A9-41B1-9E02-A25CF21E6F66}.Release|Any CPU.ActiveCfg = Release|Any CPU
		{72F267AD-27A9-41B1-9E02-A25CF21E6F66}.Release|Any CPU.Build.0 = Release|Any CPU
	EndGlobalSection
	GlobalSection(SolutionProperties) = preSolution
		HideSolutionNode = FALSE
	EndGlobalSection
	GlobalSection(ExtensibilityGlobals) = postSolution
		SolutionGuid = {06380C92-182E-49ED-8D93-C5C601FDB53C}
	EndGlobalSection
EndGlobal
